
Microsoft Visual Studio Solution File, Format Version 12.00
# Visual Studio 15
VisualStudioVersion = 15.0.27428.2015
MinimumVisualStudioVersion = 10.0.40219.1
Project("{FAE04EC0-301F-11D3-BF4B-00C04F79EFBC}") = "VAC_Statistic", "VAC_Statistic.csproj", "{990B97FA-C65A-4E84-B837-B143B50F1413}"
EndProject
Global
	GlobalSection(SolutionConfigurationPlatforms) = preSolution
		Debug|Any CPU = Debug|Any CPU
		Release|Any CPU = Release|Any CPU
	EndGlobalSection
	GlobalSection(ProjectConfigurationPlatforms) = postSolution
		{990B97FA-C65A-4E84-B837-B143B50F1413}.Debug|Any CPU.ActiveCfg = Debug|Any CPU
		{990B97FA-C65A-4E84-B837-B143B50F1413}.Debug|Any CPU.Build.0 = Debug|Any CPU
		{990B97FA-C65A-4E84-B837-B143B50F1413}.Release|Any CPU.ActiveCfg = Release|Any CPU
		{990B97FA-C65A-4E84-B837-B143B50F1413}.Release|Any CPU.Build.0 = Release|Any CPU
	EndGlobalSection
	GlobalSection(SolutionProperties) = preSolution
		HideSolutionNode = FALSE
	EndGlobalSection
	GlobalSection(ExtensibilityGlobals) = postSolution
		SolutionGuid = {91100E9D-D42D-4455-B9D1-A395F42D4AAF}
	EndGlobalSection
EndGlobal
